
Microsoft Visual Studio Solution File, Format Version 12.00
# Visual Studio Version 16
VisualStudioVersion = 16.0.31205.134
MinimumVisualStudioVersion = 10.0.40219.1
Project("{888888A0-9F3D-457C-B088-3A5042F75D52}") = "EftFreeMarketSearcher", "EftFreeMarketSearcher\EftFreeMarketSearcher.pyproj", "{EB2D573C-48B8-48F8-B7BD-BB2FFD586762}"
EndProject
Global
	GlobalSection(SolutionConfigurationPlatforms) = preSolution
		Debug|Any CPU = Debug|Any CPU
		Release|Any CPU = Release|Any CPU
	EndGlobalSection
	GlobalSection(ProjectConfigurationPlatforms) = postSolution
		{EB2D573C-48B8-48F8-B7BD-BB2FFD586762}.Debug|Any CPU.ActiveCfg = Debug|Any CPU
		{EB2D573C-48B8-48F8-B7BD-BB2FFD586762}.Release|Any CPU.ActiveCfg = Release|Any CPU
	EndGlobalSection
	GlobalSection(SolutionProperties) = preSolution
		HideSolutionNode = FALSE
	EndGlobalSection
	GlobalSection(ExtensibilityGlobals) = postSolution
		SolutionGuid = {4F374B09-473C-4D0B-A0D2-D2D5EA598EDD}
	EndGlobalSection
EndGlobal
